# Generated by pub
# See https://dart.dev/tools/pub/glossary#lockfile
packages:
  advanced_datatable:
    dependency: "direct main"
    description:
      name: advanced_datatable
      sha256: "516d8e7b54398db798009f906d01df1f65285b762beb3631bb1d0c3de6bd6592"
      url: "https://pub.dev"
    source: hosted
    version: "0.0.8"
  async:
    dependency: "direct main"
    description:
      name: async
      sha256: "947bfcf187f74dbc5e146c9eb9c0f10c9f8b30743e341481c1e2ed3ecc18c20c"
      url: "https://pub.dev"
    source: hosted
    version: "2.11.0"
  bloc_provider:
    dependency: "direct main"
    description:
      name: bloc_provider
      sha256: cb742869f4bcf538c0c90e53346c53a6013cad39df5034239987e696e2df96f0
      url: "https://pub.dev"
    source: hosted
    version: "0.8.0"
  boolean_selector:
    dependency: transitive
    description:
      name: boolean_selector
      sha256: "6cfb5af12253eaf2b368f07bacc5a80d1301a071c73360d746b7f2e32d762c66"
      url: "https://pub.dev"
    source: hosted
    version: "2.1.1"
  characters:
    dependency: transitive
    description:
      name: characters
      sha256: "04a925763edad70e8443c99234dc3328f442e811f1d8fd1a72f1c8ad0f69a605"
      url: "https://pub.dev"
    source: hosted
    version: "1.3.0"
  charcode:
    dependency: transitive
    description:
      name: charcode
      sha256: fb98c0f6d12c920a02ee2d998da788bca066ca5f148492b7085ee23372b12306
      url: "https://pub.dev"
    source: hosted
    version: "1.3.1"
  clock:
    dependency: transitive
    description:
      name: clock
      sha256: cb6d7f03e1de671e34607e909a7213e31d7752be4fb66a86d29fe1eb14bfb5cf
      url: "https://pub.dev"
    source: hosted
    version: "1.1.1"
  collection:
    dependency: "direct main"
    description:
      name: collection
      sha256: ee67cb0715911d28db6bf4af1026078bd6f0128b07a5f66fb2ed94ec6783c09a
      url: "https://pub.dev"
    source: hosted
    version: "1.18.0"
  crypto:
    dependency: transitive
    description:
      name: crypto
      sha256: ff625774173754681d66daaf4a448684fb04b78f902da9cb3d308c19cc5e8bab
      url: "https://pub.dev"
    source: hosted
    version: "3.0.3"
  csslib:
    dependency: transitive
    description:
      name: csslib
      sha256: "706b5707578e0c1b4b7550f64078f0a0f19dec3f50a178ffae7006b0a9ca58fb"
      url: "https://pub.dev"
    source: hosted
    version: "1.0.0"
  dio:
    dependency: "direct main"
    description:
      name: dio
      sha256: "417e2a6f9d83ab396ec38ff4ea5da6c254da71e4db765ad737a42af6930140b7"
      url: "https://pub.dev"
    source: hosted
    version: "5.3.3"
  fake_async:
    dependency: transitive
    description:
      name: fake_async
      sha256: "511392330127add0b769b75a987850d136345d9227c6b94c96a04cf4a391bf78"
      url: "https://pub.dev"
    source: hosted
    version: "1.3.1"
  ffi:
    dependency: transitive
    description:
      name: ffi
      sha256: "7bf0adc28a23d395f19f3f1eb21dd7cfd1dd9f8e1c50051c069122e6853bc878"
      url: "https://pub.dev"
    source: hosted
    version: "2.1.0"
  file:
    dependency: transitive
    description:
      name: file
      sha256: "5fc22d7c25582e38ad9a8515372cd9a93834027aacf1801cf01164dac0ffa08c"
      url: "https://pub.dev"
    source: hosted
    version: "7.0.0"
  flutter:
    dependency: "direct main"
    description: flutter
    source: sdk
    version: "0.0.0"
  flutter_lints:
    dependency: "direct dev"
    description:
      name: flutter_lints
      sha256: a25a15ebbdfc33ab1cd26c63a6ee519df92338a9c10f122adda92938253bef04
      url: "https://pub.dev"
    source: hosted
    version: "2.0.3"
  flutter_localizations:
    dependency: transitive
    description: flutter
    source: sdk
    version: "0.0.0"
  flutter_signin_button:
    dependency: "direct main"
    description:
      name: flutter_signin_button
      sha256: a063ecc5d5308377e103c9c3a89084abf15fca4440636233af6a13abacd5dcae
      url: "https://pub.dev"
    source: hosted
    version: "2.0.0"
  flutter_test:
    dependency: "direct dev"
    description: flutter
    source: sdk
    version: "0.0.0"
  flutter_web_plugins:
    dependency: "direct main"
    description: flutter
    source: sdk
    version: "0.0.0"
  font_awesome_flutter:
    dependency: transitive
    description:
      name: font_awesome_flutter
      sha256: "1f93e5799f0e6c882819e8393a05c6ca5226010f289190f2242ec19f3f0fdba5"
      url: "https://pub.dev"
    source: hosted
    version: "9.2.0"
  html:
    dependency: transitive
    description:
      name: html
      sha256: "3a7812d5bcd2894edf53dfaf8cd640876cf6cef50a8f238745c8b8120ea74d3a"
      url: "https://pub.dev"
    source: hosted
    version: "0.15.4"
  http_parser:
    dependency: transitive
    description:
      name: http_parser
      sha256: "2aa08ce0341cc9b354a498388e30986515406668dbcc4f7c950c3e715496693b"
      url: "https://pub.dev"
    source: hosted
    version: "4.0.2"
  intl:
    dependency: "direct main"
    description:
      name: intl
      sha256: "3bc132a9dbce73a7e4a21a17d06e1878839ffbf975568bc875c60537824b0c4d"
      url: "https://pub.dev"
    source: hosted
    version: "0.18.1"
  lints:
    dependency: transitive
    description:
      name: lints
      sha256: "0a217c6c989d21039f1498c3ed9f3ed71b354e69873f13a8dfc3c9fe76f1b452"
      url: "https://pub.dev"
    source: hosted
    version: "2.1.1"
  logging:
    dependency: "direct main"
    description:
      name: logging
      sha256: "623a88c9594aa774443aa3eb2d41807a48486b5613e67599fb4c41c0ad47c340"
      url: "https://pub.dev"
    source: hosted
    version: "1.2.0"
  matcher:
    dependency: transitive
    description:
      name: matcher
      sha256: "1803e76e6653768d64ed8ff2e1e67bea3ad4b923eb5c56a295c3e634bad5960e"
      url: "https://pub.dev"
    source: hosted
    version: "0.12.16"
  material_color_utilities:
    dependency: transitive
    description:
      name: material_color_utilities
      sha256: "9528f2f296073ff54cb9fee677df673ace1218163c3bc7628093e7eed5203d41"
      url: "https://pub.dev"
    source: hosted
    version: "0.5.0"
  meta:
    dependency: "direct dev"
    description:
      name: meta
      sha256: a6e590c838b18133bb482a2745ad77c5bb7715fb0451209e1a7567d416678b8e
      url: "https://pub.dev"
    source: hosted
    version: "1.10.0"
  mrapi:
    dependency: "direct main"
    description:
      path: "../app_mr_layer"
      relative: true
    source: path
    version: "1.0.0"
  multiselect:
    dependency: "direct main"
    description:
      name: multiselect
      sha256: "8d0c4a7b89bee6c5e5e4a25ecba68c796dafc1917492d5606f0caa3947d5905a"
      url: "https://pub.dev"
    source: hosted
    version: "0.1.0"
  navigation_builder:
    dependency: transitive
    description:
      name: navigation_builder
      sha256: "95e25150191d9cd4e4b86504f33cd9e786d1e6732edb2e3e635bbedc5ef0dea7"
      url: "https://pub.dev"
    source: hosted
    version: "0.0.3"
  openapi_dart_common:
    dependency: "direct main"
    description:
      name: openapi_dart_common
      sha256: cf0a92406bd367662d12fce3d3f2024339132a4524d897e14b564b46fa8b961a
      url: "https://pub.dev"
    source: hosted
    version: "5.1.1"
  path:
    dependency: transitive
    description:
      name: path
      sha256: "8829d8a55c13fc0e37127c29fedf290c102f4e40ae94ada574091fe0ff96c917"
      url: "https://pub.dev"
    source: hosted
    version: "1.8.3"
  path_provider_linux:
    dependency: transitive
    description:
      name: path_provider_linux
      sha256: f7a1fe3a634fe7734c8d3f2766ad746ae2a2884abe22e241a8b301bf5cac3279
      url: "https://pub.dev"
    source: hosted
    version: "2.2.1"
  path_provider_platform_interface:
    dependency: transitive
    description:
      name: path_provider_platform_interface
      sha256: "94b1e0dd80970c1ce43d5d4e050a9918fce4f4a775e6142424c30a29a363265c"
      url: "https://pub.dev"
    source: hosted
    version: "2.1.1"
  path_provider_windows:
    dependency: transitive
    description:
      name: path_provider_windows
      sha256: "8bc9f22eee8690981c22aa7fc602f5c85b497a6fb2ceb35ee5a5e5ed85ad8170"
      url: "https://pub.dev"
    source: hosted
    version: "2.2.1"
  platform:
    dependency: transitive
    description:
      name: platform
      sha256: "0a279f0707af40c890e80b1e9df8bb761694c074ba7e1d4ab1bc4b728e200b59"
      url: "https://pub.dev"
    source: hosted
    version: "3.1.3"
  plugin_platform_interface:
    dependency: transitive
    description:
      name: plugin_platform_interface
      sha256: da3fdfeccc4d4ff2da8f8c556704c08f912542c5fb3cf2233ed75372384a034d
      url: "https://pub.dev"
    source: hosted
    version: "2.1.6"
  releases:
    dependency: "direct main"
    description:
      path: "../releases_api"
      relative: true
    source: path
    version: "1.0.0"
  rxdart:
    dependency: "direct main"
    description:
      name: rxdart
      sha256: "0c7c0cedd93788d996e33041ffecda924cc54389199cde4e6a34b440f50044cb"
      url: "https://pub.dev"
    source: hosted
    version: "0.27.7"
  shared_preferences:
    dependency: "direct main"
    description:
      name: shared_preferences
      sha256: "81429e4481e1ccfb51ede496e916348668fd0921627779233bd24cc3ff6abd02"
      url: "https://pub.dev"
    source: hosted
    version: "2.2.2"
  shared_preferences_android:
    dependency: transitive
    description:
      name: shared_preferences_android
      sha256: "8568a389334b6e83415b6aae55378e158fbc2314e074983362d20c562780fb06"
      url: "https://pub.dev"
    source: hosted
    version: "2.2.1"
  shared_preferences_foundation:
    dependency: transitive
    description:
      name: shared_preferences_foundation
      sha256: "7bf53a9f2d007329ee6f3df7268fd498f8373602f943c975598bbb34649b62a7"
      url: "https://pub.dev"
    source: hosted
    version: "2.3.4"
  shared_preferences_linux:
    dependency: transitive
    description:
      name: shared_preferences_linux
      sha256: "9f2cbcf46d4270ea8be39fa156d86379077c8a5228d9dfdb1164ae0bb93f1faa"
      url: "https://pub.dev"
    source: hosted
    version: "2.3.2"
  shared_preferences_platform_interface:
    dependency: transitive
    description:
      name: shared_preferences_platform_interface
      sha256: d4ec5fc9ebb2f2e056c617112aa75dcf92fc2e4faaf2ae999caa297473f75d8a
      url: "https://pub.dev"
    source: hosted
    version: "2.3.1"
  shared_preferences_web:
    dependency: transitive
    description:
      name: shared_preferences_web
      sha256: d762709c2bbe80626ecc819143013cc820fa49ca5e363620ee20a8b15a3e3daf
      url: "https://pub.dev"
    source: hosted
    version: "2.2.1"
  shared_preferences_windows:
    dependency: transitive
    description:
      name: shared_preferences_windows
      sha256: "841ad54f3c8381c480d0c9b508b89a34036f512482c407e6df7a9c4aa2ef8f59"
      url: "https://pub.dev"
    source: hosted
    version: "2.3.2"
  side_sheet:
    dependency: "direct main"
    description:
      name: side_sheet
      sha256: "3c46b88c01a741126129b9f6c9f5a7e0b97728ab78617ff4997a61f6a7629e25"
      url: "https://pub.dev"
    source: hosted
    version: "1.0.4"
  sky_engine:
    dependency: transitive
    description: flutter
    source: sdk
    version: "0.0.99"
  source_span:
    dependency: transitive
    description:
      name: source_span
      sha256: "53e943d4206a5e30df338fd4c6e7a077e02254531b138a15aec3bd143c1a8b3c"
      url: "https://pub.dev"
    source: hosted
    version: "1.10.0"
  stack_trace:
    dependency: transitive
    description:
      name: stack_trace
      sha256: "73713990125a6d93122541237550ee3352a2d84baad52d375a4cad2eb9b7ce0b"
      url: "https://pub.dev"
    source: hosted
    version: "1.11.1"
  states_rebuilder:
    dependency: transitive
    description:
      name: states_rebuilder
      sha256: bf1a5ab5c543acdefce35e60f482eb7ab592339484fe3266d147ee597f18dc92
      url: "https://pub.dev"
    source: hosted
    version: "6.3.0"
  stream_channel:
    dependency: transitive
    description:
      name: stream_channel
      sha256: ba2aa5d8cc609d96bbb2899c28934f9e1af5cddbd60a827822ea467161eb54e7
      url: "https://pub.dev"
    source: hosted
    version: "2.1.2"
  string_scanner:
    dependency: transitive
    description:
      name: string_scanner
      sha256: "556692adab6cfa87322a115640c11f13cb77b3f076ddcc5d6ae3c20242bedcde"
      url: "https://pub.dev"
    source: hosted
    version: "1.2.0"
  syncfusion_flutter_core:
    dependency: transitive
    description:
      name: syncfusion_flutter_core
      sha256: "8db8f55c77f56968681447d3837c10f27a9e861e238a898fda116c7531def979"
      url: "https://pub.dev"
    source: hosted
    version: "21.2.10"
  syncfusion_flutter_datagrid:
    dependency: "direct main"
    description:
      name: syncfusion_flutter_datagrid
      sha256: "2cd5fad76f90ebcfe577a2e6bdfef39cf2860c68a90293a2c21e8eb924ec3795"
      url: "https://pub.dev"
    source: hosted
    version: "21.2.10"
  term_glyph:
    dependency: transitive
    description:
      name: term_glyph
      sha256: a29248a84fbb7c79282b40b8c72a1209db169a2e0542bce341da992fe1bc7e84
      url: "https://pub.dev"
    source: hosted
    version: "1.2.1"
  test_api:
    dependency: transitive
    description:
      name: test_api
      sha256: "5c2f730018264d276c20e4f1503fd1308dfbbae39ec8ee63c5236311ac06954b"
      url: "https://pub.dev"
    source: hosted
    version: "0.6.1"
  timeago:
    dependency: "direct main"
    description:
      name: timeago
      sha256: "4addcda362e51f23cf7ae2357fccd053f29d59b4ddd17fb07fc3e7febb47a456"
      url: "https://pub.dev"
    source: hosted
    version: "3.5.0"
  typed_data:
    dependency: transitive
    description:
      name: typed_data
      sha256: facc8d6582f16042dd49f2463ff1bd6e2c9ef9f3d5da3d9b087e244a7b564b3c
      url: "https://pub.dev"
    source: hosted
    version: "1.3.2"
  universal_html:
    dependency: "direct main"
    description:
      name: universal_html
      sha256: "56536254004e24d9d8cfdb7dbbf09b74cf8df96729f38a2f5c238163e3d58971"
      url: "https://pub.dev"
    source: hosted
    version: "2.2.4"
  universal_io:
    dependency: transitive
    description:
      name: universal_io
      sha256: "1722b2dcc462b4b2f3ee7d188dad008b6eb4c40bbd03a3de451d82c78bba9aad"
      url: "https://pub.dev"
    source: hosted
    version: "2.2.2"
  url_launcher:
    dependency: "direct main"
    description:
      name: url_launcher
      sha256: "47e208a6711459d813ba18af120d9663c20bdf6985d6ad39fe165d2538378d27"
      url: "https://pub.dev"
    source: hosted
    version: "6.1.14"
  url_launcher_android:
    dependency: transitive
    description:
      name: url_launcher_android
      sha256: b04af59516ab45762b2ca6da40fa830d72d0f6045cd97744450b73493fa76330
      url: "https://pub.dev"
    source: hosted
    version: "6.1.0"
  url_launcher_ios:
    dependency: transitive
    description:
      name: url_launcher_ios
      sha256: "7c65021d5dee51813d652357bc65b8dd4a6177082a9966bc8ba6ee477baa795f"
      url: "https://pub.dev"
    source: hosted
    version: "6.1.5"
  url_launcher_linux:
    dependency: transitive
    description:
      name: url_launcher_linux
      sha256: b651aad005e0cb06a01dbd84b428a301916dc75f0e7ea6165f80057fee2d8e8e
      url: "https://pub.dev"
    source: hosted
    version: "3.0.6"
  url_launcher_macos:
    dependency: transitive
    description:
      name: url_launcher_macos
      sha256: b55486791f666e62e0e8ff825e58a023fd6b1f71c49926483f1128d3bbd8fe88
      url: "https://pub.dev"
    source: hosted
    version: "3.0.7"
  url_launcher_platform_interface:
    dependency: transitive
    description:
      name: url_launcher_platform_interface
      sha256: "95465b39f83bfe95fcb9d174829d6476216f2d548b79c38ab2506e0458787618"
      url: "https://pub.dev"
    source: hosted
    version: "2.1.5"
  url_launcher_web:
    dependency: transitive
    description:
      name: url_launcher_web
      sha256: ba140138558fcc3eead51a1c42e92a9fb074a1b1149ed3c73e66035b2ccd94f2
      url: "https://pub.dev"
    source: hosted
    version: "2.0.19"
  url_launcher_windows:
    dependency: transitive
    description:
      name: url_launcher_windows
      sha256: "95fef3129dc7cfaba2bc3d5ba2e16063bb561fc6d78e63eee16162bc70029069"
      url: "https://pub.dev"
    source: hosted
    version: "3.0.8"
  uuid:
    dependency: "direct main"
    description:
      name: uuid
      sha256: "648e103079f7c64a36dc7d39369cabb358d377078a051d6ae2ad3aa539519313"
      url: "https://pub.dev"
    source: hosted
    version: "3.0.7"
  vector_math:
    dependency: transitive
    description:
      name: vector_math
      sha256: "80b3257d1492ce4d091729e3a67a60407d227c27241d6927be0130c98e741803"
      url: "https://pub.dev"
    source: hosted
    version: "2.1.4"
  web:
    dependency: transitive
    description:
      name: web
      sha256: afe077240a270dcfd2aafe77602b4113645af95d0ad31128cc02bce5ac5d5152
      url: "https://pub.dev"
    source: hosted
    version: "0.3.0"
  win32:
    dependency: transitive
    description:
      name: win32
      sha256: "350a11abd2d1d97e0cc7a28a81b781c08002aa2864d9e3f192ca0ffa18b06ed3"
      url: "https://pub.dev"
    source: hosted
    version: "5.0.9"
  xdg_directories:
    dependency: transitive
    description:
      name: xdg_directories
      sha256: "589ada45ba9e39405c198fe34eb0f607cddb2108527e658136120892beac46d2"
      url: "https://pub.dev"
    source: hosted
    version: "1.0.3"
  zxcvbn:
    dependency: "direct main"
    description:
      name: zxcvbn
      sha256: "5d860ab87c0e7f295902697afd364aa722d89d4e5839e8800ad1b0faf3d63b08"
      url: "https://pub.dev"
    source: hosted
    version: "1.0.0"
sdks:
  dart: ">=3.2.0-194.0.dev <3.99.0"
  flutter: ">=3.10.0"
